
Microsoft Visual Studio Solution File, Format Version 12.00
# Visual Studio 2012
Project("{FAE04EC0-301F-11D3-BF4B-00C04F79EFBC}") = "Costura", "Costura\Costura.csproj", "{F4870A6E-7408-4CED-9F4A-E06DB0C95833}"
EndProject
Project("{FAE04EC0-301F-11D3-BF4B-00C04F79EFBC}") = "CosturaTests", "CosturaTests\CosturaTests.csproj", "{FEC68C39-DA66-4863-AB98-A94D5F369040}"
EndProject
Project("{2150E333-8FDC-42A3-9474-1A3956D46DE8}") = "EmbedTestAssemblies", "EmbedTestAssemblies", "{662BB847-AC16-4C02-AA1B-14E716B7E4EB}"
EndProject
Project("{FAE04EC0-301F-11D3-BF4B-00C04F79EFBC}") = "CosturaVSPackage", "CosturaVSPackage\CosturaVSPackage.csproj", "{38B5FF46-18A8-41A9-AE17-962766E29373}"
	ProjectSection(ProjectDependencies) = postProject
		{F4870A6E-7408-4CED-9F4A-E06DB0C95833} = {F4870A6E-7408-4CED-9F4A-E06DB0C95833}
	EndProjectSection
EndProject
Project("{FAE04EC0-301F-11D3-BF4B-00C04F79EFBC}") = "CosturaVSPackageTests", "CosturaVSPackageTests\CosturaVSPackageTests.csproj", "{BCE894C5-8521-4E8B-81A9-D1674224AFE2}"
EndProject
Project("{FAE04EC0-301F-11D3-BF4B-00C04F79EFBC}") = "Template", "Template\Template.csproj", "{70D47298-2D11-4FA0-9BA7-ECD87C683CBC}"
EndProject
Project("{FAE04EC0-301F-11D3-BF4B-00C04F79EFBC}") = "AssemblyToProcess", "EmbedTestAssemblies\AssemblyToProcess\AssemblyToProcess.csproj", "{A9631B7B-1EB6-4FB6-B065-F902A20E3629}"
EndProject
Project("{FAE04EC0-301F-11D3-BF4B-00C04F79EFBC}") = "AssemblyToReference", "EmbedTestAssemblies\AssemblyToProcess\AssemblyToReference.csproj", "{67091480-17B3-4284-80A1-158587E08DF9}"
EndProject
Project("{FAE04EC0-301F-11D3-BF4B-00C04F79EFBC}") = "AssemblyWithLoadNonExistentAssembly", "EmbedTestAssemblies\AssemblyWithLoadNonExistentAssembly\AssemblyWithLoadNonExistentAssembly.csproj", "{82934E4C-22E9-497B-85E0-3083BA41AAB8}"
EndProject
Project("{FAE04EC0-301F-11D3-BF4B-00C04F79EFBC}") = "AssemblyToReferencePreEmbed", "EmbedTestAssemblies\AssemblyToProcess\AssemblyToReferencePreEmbed.csproj", "{9C08ACE9-FA6F-49A6-AD84-4C51B29ADE1C}"
EndProject
Global
	GlobalSection(SolutionConfigurationPlatforms) = preSolution
		Debug|Any CPU = Debug|Any CPU
		Debug|x86 = Debug|x86
		Release|Any CPU = Release|Any CPU
		Release|x86 = Release|x86
	EndGlobalSection
	GlobalSection(ProjectConfigurationPlatforms) = postSolution
		{F4870A6E-7408-4CED-9F4A-E06DB0C95833}.Debug|Any CPU.ActiveCfg = Debug|Any CPU
		{F4870A6E-7408-4CED-9F4A-E06DB0C95833}.Debug|Any CPU.Build.0 = Debug|Any CPU
		{F4870A6E-7408-4CED-9F4A-E06DB0C95833}.Debug|x86.ActiveCfg = Debug|Any CPU
		{F4870A6E-7408-4CED-9F4A-E06DB0C95833}.Release|Any CPU.ActiveCfg = Release|Any CPU
		{F4870A6E-7408-4CED-9F4A-E06DB0C95833}.Release|Any CPU.Build.0 = Release|Any CPU
		{F4870A6E-7408-4CED-9F4A-E06DB0C95833}.Release|x86.ActiveCfg = Release|Any CPU
		{FEC68C39-DA66-4863-AB98-A94D5F369040}.Debug|Any CPU.ActiveCfg = Debug|Any CPU
		{FEC68C39-DA66-4863-AB98-A94D5F369040}.Debug|Any CPU.Build.0 = Debug|Any CPU
		{FEC68C39-DA66-4863-AB98-A94D5F369040}.Debug|x86.ActiveCfg = Debug|Any CPU
		{FEC68C39-DA66-4863-AB98-A94D5F369040}.Release|Any CPU.ActiveCfg = Release|Any CPU
		{FEC68C39-DA66-4863-AB98-A94D5F369040}.Release|Any CPU.Build.0 = Release|Any CPU
		{FEC68C39-DA66-4863-AB98-A94D5F369040}.Release|x86.ActiveCfg = Release|Any CPU
		{38B5FF46-18A8-41A9-AE17-962766E29373}.Debug|Any CPU.ActiveCfg = Debug|Any CPU
		{38B5FF46-18A8-41A9-AE17-962766E29373}.Debug|Any CPU.Build.0 = Debug|Any CPU
		{38B5FF46-18A8-41A9-AE17-962766E29373}.Debug|x86.ActiveCfg = Debug|Any CPU
		{38B5FF46-18A8-41A9-AE17-962766E29373}.Release|Any CPU.ActiveCfg = Release|Any CPU
		{38B5FF46-18A8-41A9-AE17-962766E29373}.Release|Any CPU.Build.0 = Release|Any CPU
		{38B5FF46-18A8-41A9-AE17-962766E29373}.Release|x86.ActiveCfg = Release|Any CPU
		{BCE894C5-8521-4E8B-81A9-D1674224AFE2}.Debug|Any CPU.ActiveCfg = Debug|Any CPU
		{BCE894C5-8521-4E8B-81A9-D1674224AFE2}.Debug|Any CPU.Build.0 = Debug|Any CPU
		{BCE894C5-8521-4E8B-81A9-D1674224AFE2}.Debug|x86.ActiveCfg = Debug|Any CPU
		{BCE894C5-8521-4E8B-81A9-D1674224AFE2}.Release|Any CPU.ActiveCfg = Release|Any CPU
		{BCE894C5-8521-4E8B-81A9-D1674224AFE2}.Release|Any CPU.Build.0 = Release|Any CPU
		{BCE894C5-8521-4E8B-81A9-D1674224AFE2}.Release|x86.ActiveCfg = Release|Any CPU
		{70D47298-2D11-4FA0-9BA7-ECD87C683CBC}.Debug|Any CPU.ActiveCfg = Debug|Any CPU
		{70D47298-2D11-4FA0-9BA7-ECD87C683CBC}.Debug|Any CPU.Build.0 = Debug|Any CPU
		{70D47298-2D11-4FA0-9BA7-ECD87C683CBC}.Debug|x86.ActiveCfg = Debug|Any CPU
		{70D47298-2D11-4FA0-9BA7-ECD87C683CBC}.Release|Any CPU.ActiveCfg = Release|Any CPU
		{70D47298-2D11-4FA0-9BA7-ECD87C683CBC}.Release|Any CPU.Build.0 = Release|Any CPU
		{70D47298-2D11-4FA0-9BA7-ECD87C683CBC}.Release|x86.ActiveCfg = Release|Any CPU
		{A9631B7B-1EB6-4FB6-B065-F902A20E3629}.Debug|Any CPU.ActiveCfg = Debug|Any CPU
		{A9631B7B-1EB6-4FB6-B065-F902A20E3629}.Debug|Any CPU.Build.0 = Debug|Any CPU
		{A9631B7B-1EB6-4FB6-B065-F902A20E3629}.Debug|x86.ActiveCfg = Debug|Any CPU
		{A9631B7B-1EB6-4FB6-B065-F902A20E3629}.Release|Any CPU.ActiveCfg = Release|Any CPU
		{A9631B7B-1EB6-4FB6-B065-F902A20E3629}.Release|Any CPU.Build.0 = Release|Any CPU
		{A9631B7B-1EB6-4FB6-B065-F902A20E3629}.Release|x86.ActiveCfg = Release|Any CPU
		{67091480-17B3-4284-80A1-158587E08DF9}.Debug|Any CPU.ActiveCfg = Debug|Any CPU
		{67091480-17B3-4284-80A1-158587E08DF9}.Debug|Any CPU.Build.0 = Debug|Any CPU
		{67091480-17B3-4284-80A1-158587E08DF9}.Debug|x86.ActiveCfg = Debug|Any CPU
		{67091480-17B3-4284-80A1-158587E08DF9}.Release|Any CPU.ActiveCfg = Release|Any CPU
		{67091480-17B3-4284-80A1-158587E08DF9}.Release|Any CPU.Build.0 = Release|Any CPU
		{67091480-17B3-4284-80A1-158587E08DF9}.Release|x86.ActiveCfg = Release|Any CPU
		{82934E4C-22E9-497B-85E0-3083BA41AAB8}.Debug|Any CPU.ActiveCfg = Debug|Any CPU
		{82934E4C-22E9-497B-85E0-3083BA41AAB8}.Debug|Any CPU.Build.0 = Debug|Any CPU
		{82934E4C-22E9-497B-85E0-3083BA41AAB8}.Debug|x86.ActiveCfg = Debug|Any CPU
		{82934E4C-22E9-497B-85E0-3083BA41AAB8}.Release|Any CPU.ActiveCfg = Release|Any CPU
		{82934E4C-22E9-497B-85E0-3083BA41AAB8}.Release|Any CPU.Build.0 = Release|Any CPU
		{82934E4C-22E9-497B-85E0-3083BA41AAB8}.Release|x86.ActiveCfg = Release|Any CPU
		{9C08ACE9-FA6F-49A6-AD84-4C51B29ADE1C}.Debug|Any CPU.ActiveCfg = Debug|Any CPU
		{9C08ACE9-FA6F-49A6-AD84-4C51B29ADE1C}.Debug|Any CPU.Build.0 = Debug|Any CPU
		{9C08ACE9-FA6F-49A6-AD84-4C51B29ADE1C}.Debug|x86.ActiveCfg = Debug|Any CPU
		{9C08ACE9-FA6F-49A6-AD84-4C51B29ADE1C}.Release|Any CPU.ActiveCfg = Release|Any CPU
		{9C08ACE9-FA6F-49A6-AD84-4C51B29ADE1C}.Release|Any CPU.Build.0 = Release|Any CPU
		{9C08ACE9-FA6F-49A6-AD84-4C51B29ADE1C}.Release|x86.ActiveCfg = Release|Any CPU
	EndGlobalSection
	GlobalSection(SolutionProperties) = preSolution
		HideSolutionNode = FALSE
	EndGlobalSection
	GlobalSection(NestedProjects) = preSolution
		{A9631B7B-1EB6-4FB6-B065-F902A20E3629} = {662BB847-AC16-4C02-AA1B-14E716B7E4EB}
		{67091480-17B3-4284-80A1-158587E08DF9} = {662BB847-AC16-4C02-AA1B-14E716B7E4EB}
		{82934E4C-22E9-497B-85E0-3083BA41AAB8} = {662BB847-AC16-4C02-AA1B-14E716B7E4EB}
		{9C08ACE9-FA6F-49A6-AD84-4C51B29ADE1C} = {662BB847-AC16-4C02-AA1B-14E716B7E4EB}
	EndGlobalSection
EndGlobal
