
Microsoft Visual Studio Solution File, Format Version 12.00
# Visual Studio 11
Project("{FAE04EC0-301F-11D3-BF4B-00C04F79EFBC}") = "ClassLibraryToReference", "IntegrationTests\ClassLibraryToReference\ClassLibraryToReference.csproj", "{864A8472-7855-4341-902A-9B7FEAD74120}"
EndProject
Project("{FAE04EC0-301F-11D3-BF4B-00C04F79EFBC}") = "WpfApplication", "IntegrationTests\WpfApplication\WpfApplication.csproj", "{7749C02C-F0AF-4D45-8577-DA36D2A73FCC}"
EndProject
Project("{FAE04EC0-301F-11D3-BF4B-00C04F79EFBC}") = "ConsoleApplication", "IntegrationTests\ConsoleApplication\ConsoleApplication.csproj", "{07DBDB86-5865-43BB-A497-5DEF6597748E}"
EndProject
Project("{FAE04EC0-301F-11D3-BF4B-00C04F79EFBC}") = "WpfApplicationTemporaryAssemblies", "IntegrationTests\WpfApplicationTemporaryAssemblies\WpfApplicationTemporaryAssemblies.csproj", "{12C6D2FE-50CB-45C6-8E08-275777096070}"
EndProject
Global
	GlobalSection(SolutionConfigurationPlatforms) = preSolution
		Debug|Any CPU = Debug|Any CPU
		Debug|Mixed Platforms = Debug|Mixed Platforms
		Debug|x86 = Debug|x86
		Release|Any CPU = Release|Any CPU
		Release|Mixed Platforms = Release|Mixed Platforms
		Release|x86 = Release|x86
	EndGlobalSection
	GlobalSection(ProjectConfigurationPlatforms) = postSolution
		{07DBDB86-5865-43BB-A497-5DEF6597748E}.Debug|Any CPU.ActiveCfg = Debug|x86
		{07DBDB86-5865-43BB-A497-5DEF6597748E}.Debug|Mixed Platforms.ActiveCfg = Debug|x86
		{07DBDB86-5865-43BB-A497-5DEF6597748E}.Debug|Mixed Platforms.Build.0 = Debug|x86
		{07DBDB86-5865-43BB-A497-5DEF6597748E}.Debug|x86.ActiveCfg = Debug|x86
		{07DBDB86-5865-43BB-A497-5DEF6597748E}.Debug|x86.Build.0 = Debug|x86
		{07DBDB86-5865-43BB-A497-5DEF6597748E}.Release|Any CPU.ActiveCfg = Release|x86
		{07DBDB86-5865-43BB-A497-5DEF6597748E}.Release|Mixed Platforms.ActiveCfg = Release|x86
		{07DBDB86-5865-43BB-A497-5DEF6597748E}.Release|Mixed Platforms.Build.0 = Release|x86
		{07DBDB86-5865-43BB-A497-5DEF6597748E}.Release|x86.ActiveCfg = Release|x86
		{07DBDB86-5865-43BB-A497-5DEF6597748E}.Release|x86.Build.0 = Release|x86
		{12C6D2FE-50CB-45C6-8E08-275777096070}.Debug|Any CPU.ActiveCfg = Debug|x86
		{12C6D2FE-50CB-45C6-8E08-275777096070}.Debug|Mixed Platforms.ActiveCfg = Debug|x86
		{12C6D2FE-50CB-45C6-8E08-275777096070}.Debug|Mixed Platforms.Build.0 = Debug|x86
		{12C6D2FE-50CB-45C6-8E08-275777096070}.Debug|x86.ActiveCfg = Debug|x86
		{12C6D2FE-50CB-45C6-8E08-275777096070}.Debug|x86.Build.0 = Debug|x86
		{12C6D2FE-50CB-45C6-8E08-275777096070}.Release|Any CPU.ActiveCfg = Release|x86
		{12C6D2FE-50CB-45C6-8E08-275777096070}.Release|Mixed Platforms.ActiveCfg = Release|x86
		{12C6D2FE-50CB-45C6-8E08-275777096070}.Release|Mixed Platforms.Build.0 = Release|x86
		{12C6D2FE-50CB-45C6-8E08-275777096070}.Release|x86.ActiveCfg = Release|x86
		{12C6D2FE-50CB-45C6-8E08-275777096070}.Release|x86.Build.0 = Release|x86
		{7749C02C-F0AF-4D45-8577-DA36D2A73FCC}.Debug|Any CPU.ActiveCfg = Debug|x86
		{7749C02C-F0AF-4D45-8577-DA36D2A73FCC}.Debug|Mixed Platforms.ActiveCfg = Debug|x86
		{7749C02C-F0AF-4D45-8577-DA36D2A73FCC}.Debug|Mixed Platforms.Build.0 = Debug|x86
		{7749C02C-F0AF-4D45-8577-DA36D2A73FCC}.Debug|x86.ActiveCfg = Debug|x86
		{7749C02C-F0AF-4D45-8577-DA36D2A73FCC}.Debug|x86.Build.0 = Debug|x86
		{7749C02C-F0AF-4D45-8577-DA36D2A73FCC}.Release|Any CPU.ActiveCfg = Release|x86
		{7749C02C-F0AF-4D45-8577-DA36D2A73FCC}.Release|Mixed Platforms.ActiveCfg = Release|x86
		{7749C02C-F0AF-4D45-8577-DA36D2A73FCC}.Release|Mixed Platforms.Build.0 = Release|x86
		{7749C02C-F0AF-4D45-8577-DA36D2A73FCC}.Release|x86.ActiveCfg = Release|x86
		{7749C02C-F0AF-4D45-8577-DA36D2A73FCC}.Release|x86.Build.0 = Release|x86
		{864A8472-7855-4341-902A-9B7FEAD74120}.Debug|Any CPU.ActiveCfg = Debug|Any CPU
		{864A8472-7855-4341-902A-9B7FEAD74120}.Debug|Any CPU.Build.0 = Debug|Any CPU
		{864A8472-7855-4341-902A-9B7FEAD74120}.Debug|Mixed Platforms.ActiveCfg = Debug|Any CPU
		{864A8472-7855-4341-902A-9B7FEAD74120}.Debug|Mixed Platforms.Build.0 = Debug|Any CPU
		{864A8472-7855-4341-902A-9B7FEAD74120}.Debug|x86.ActiveCfg = Debug|Any CPU
		{864A8472-7855-4341-902A-9B7FEAD74120}.Release|Any CPU.ActiveCfg = Release|Any CPU
		{864A8472-7855-4341-902A-9B7FEAD74120}.Release|Any CPU.Build.0 = Release|Any CPU
		{864A8472-7855-4341-902A-9B7FEAD74120}.Release|Mixed Platforms.ActiveCfg = Release|Any CPU
		{864A8472-7855-4341-902A-9B7FEAD74120}.Release|Mixed Platforms.Build.0 = Release|Any CPU
		{864A8472-7855-4341-902A-9B7FEAD74120}.Release|x86.ActiveCfg = Release|Any CPU
	EndGlobalSection
	GlobalSection(SolutionProperties) = preSolution
		HideSolutionNode = FALSE
	EndGlobalSection
EndGlobal
